
Microsoft Visual Studio Solution File, Format Version 11.00
# Visual Studio 2010
Project("{F184B08F-C81C-45F6-A57F-5ABD9991F28F}") = "Game Files Open - Map Editor", "Game Files Open - Map Editor\Game Files Open - Map Editor.vbproj", "{E93F162C-28A3-4877-91DA-0AEA8A5D9F42}"
EndProject
Global
	GlobalSection(SolutionConfigurationPlatforms) = preSolution
		Debug|x86 = Debug|x86
		Release|x86 = Release|x86
	EndGlobalSection
	GlobalSection(ProjectConfigurationPlatforms) = postSolution
		{E93F162C-28A3-4877-91DA-0AEA8A5D9F42}.Debug|x86.ActiveCfg = Debug|x86
		{E93F162C-28A3-4877-91DA-0AEA8A5D9F42}.Debug|x86.Build.0 = Debug|x86
		{E93F162C-28A3-4877-91DA-0AEA8A5D9F42}.Release|x86.ActiveCfg = Release|x86
		{E93F162C-28A3-4877-91DA-0AEA8A5D9F42}.Release|x86.Build.0 = Release|x86
	EndGlobalSection
	GlobalSection(SolutionProperties) = preSolution
		HideSolutionNode = FALSE
	EndGlobalSection
EndGlobal
